
Microsoft Visual Studio Solution File, Format Version 12.00
# Visual Studio Version 16
VisualStudioVersion = 16.0.30114.105
MinimumVisualStudioVersion = 10.0.40219.1
Project("{9A19103F-16F7-4668-BE54-9A1E7A4F7556}") = "PuyoTools.App.UI", "src\PuyoTools.App.UI\PuyoTools.App.UI.csproj", "{7578281C-3030-4640-A7E3-5AD83C598694}"
EndProject
Project("{9A19103F-16F7-4668-BE54-9A1E7A4F7556}") = "PuyoTools.Core", "src\PuyoTools.Core\PuyoTools.Core.csproj", "{E5D36FFB-A89F-4F4D-928C-87FC863B4C6C}"
EndProject
Project("{9A19103F-16F7-4668-BE54-9A1E7A4F7556}") = "PuyoTools.App.Cli", "src\PuyoTools.App.Cli\PuyoTools.App.Cli.csproj", "{CC122AA1-0B6C-468E-B965-2E92DF061709}"
EndProject
Project("{D954291E-2A0B-460D-934E-DC6B0785DB48}") = "PuyoTools.App.Shared", "src\PuyoTools.App.Shared\PuyoTools.App.Shared.shproj", "{CB957E9E-4CAE-4BA5-A2D8-8BE6F93DD681}"
EndProject
Global
	GlobalSection(SharedMSBuildProjectFiles) = preSolution
		src\PuyoTools.App.Shared\PuyoTools.App.Shared.projitems*{7578281c-3030-4640-a7e3-5ad83c598694}*SharedItemsImports = 5
		src\PuyoTools.App.Shared\PuyoTools.App.Shared.projitems*{cb957e9e-4cae-4ba5-a2d8-8be6f93dd681}*SharedItemsImports = 13
		src\PuyoTools.App.Shared\PuyoTools.App.Shared.projitems*{cc122aa1-0b6c-468e-b965-2e92df061709}*SharedItemsImports = 5
	EndGlobalSection
	GlobalSection(SolutionConfigurationPlatforms) = preSolution
		Debug|Any CPU = Debug|Any CPU
		Release|Any CPU = Release|Any CPU
	EndGlobalSection
	GlobalSection(ProjectConfigurationPlatforms) = postSolution
		{7578281C-3030-4640-A7E3-5AD83C598694}.Debug|Any CPU.ActiveCfg = Debug|Any CPU
		{7578281C-3030-4640-A7E3-5AD83C598694}.Debug|Any CPU.Build.0 = Debug|Any CPU
		{7578281C-3030-4640-A7E3-5AD83C598694}.Release|Any CPU.ActiveCfg = Release|Any CPU
		{7578281C-3030-4640-A7E3-5AD83C598694}.Release|Any CPU.Build.0 = Release|Any CPU
		{E5D36FFB-A89F-4F4D-928C-87FC863B4C6C}.Debug|Any CPU.ActiveCfg = Debug|Any CPU
		{E5D36FFB-A89F-4F4D-928C-87FC863B4C6C}.Debug|Any CPU.Build.0 = Debug|Any CPU
		{E5D36FFB-A89F-4F4D-928C-87FC863B4C6C}.Release|Any CPU.ActiveCfg = Release|Any CPU
		{E5D36FFB-A89F-4F4D-928C-87FC863B4C6C}.Release|Any CPU.Build.0 = Release|Any CPU
		{CC122AA1-0B6C-468E-B965-2E92DF061709}.Debug|Any CPU.ActiveCfg = Debug|Any CPU
		{CC122AA1-0B6C-468E-B965-2E92DF061709}.Debug|Any CPU.Build.0 = Debug|Any CPU
		{CC122AA1-0B6C-468E-B965-2E92DF061709}.Release|Any CPU.ActiveCfg = Release|Any CPU
		{CC122AA1-0B6C-468E-B965-2E92DF061709}.Release|Any CPU.Build.0 = Release|Any CPU
	EndGlobalSection
	GlobalSection(SolutionProperties) = preSolution
		HideSolutionNode = FALSE
	EndGlobalSection
	GlobalSection(ExtensibilityGlobals) = postSolution
		SolutionGuid = {1A16FAE9-F660-434B-A87E-8441ED166920}
	EndGlobalSection
EndGlobal
