
Microsoft Visual Studio Solution File, Format Version 12.00
# Visual Studio 2012
Project("{FAE04EC0-301F-11D3-BF4B-00C04F79EFBC}") = "PuyoTools", "PuyoTools\PuyoTools.csproj", "{7578281C-3030-4640-A7E3-5AD83C598694}"
EndProject
Project("{FAE04EC0-301F-11D3-BF4B-00C04F79EFBC}") = "GimSharp", "Libraries\GimSharp\GimSharp.csproj", "{18707752-78B4-4735-AE5A-4261AD5C06EE}"
EndProject
Project("{FAE04EC0-301F-11D3-BF4B-00C04F79EFBC}") = "VrSharp", "Libraries\VrSharp\VrSharp.csproj", "{A8E274F4-0D8E-4EAB-A5B2-7B40BC922534}"
EndProject
Global
	GlobalSection(SolutionConfigurationPlatforms) = preSolution
		Debug|Any CPU = Debug|Any CPU
		Release|Any CPU = Release|Any CPU
	EndGlobalSection
	GlobalSection(ProjectConfigurationPlatforms) = postSolution
		{7578281C-3030-4640-A7E3-5AD83C598694}.Debug|Any CPU.ActiveCfg = Debug|Any CPU
		{7578281C-3030-4640-A7E3-5AD83C598694}.Debug|Any CPU.Build.0 = Debug|Any CPU
		{7578281C-3030-4640-A7E3-5AD83C598694}.Release|Any CPU.ActiveCfg = Release|Any CPU
		{7578281C-3030-4640-A7E3-5AD83C598694}.Release|Any CPU.Build.0 = Release|Any CPU
		{18707752-78B4-4735-AE5A-4261AD5C06EE}.Debug|Any CPU.ActiveCfg = Debug|Any CPU
		{18707752-78B4-4735-AE5A-4261AD5C06EE}.Debug|Any CPU.Build.0 = Debug|Any CPU
		{18707752-78B4-4735-AE5A-4261AD5C06EE}.Release|Any CPU.ActiveCfg = Release|Any CPU
		{18707752-78B4-4735-AE5A-4261AD5C06EE}.Release|Any CPU.Build.0 = Release|Any CPU
		{A8E274F4-0D8E-4EAB-A5B2-7B40BC922534}.Debug|Any CPU.ActiveCfg = Debug|Any CPU
		{A8E274F4-0D8E-4EAB-A5B2-7B40BC922534}.Debug|Any CPU.Build.0 = Debug|Any CPU
		{A8E274F4-0D8E-4EAB-A5B2-7B40BC922534}.Release|Any CPU.ActiveCfg = Release|Any CPU
		{A8E274F4-0D8E-4EAB-A5B2-7B40BC922534}.Release|Any CPU.Build.0 = Release|Any CPU
	EndGlobalSection
	GlobalSection(SolutionProperties) = preSolution
		HideSolutionNode = FALSE
	EndGlobalSection
EndGlobal
