
Microsoft Visual Studio Solution File, Format Version 12.00
# Visual Studio 2012
Project("{FAE04EC0-301F-11D3-BF4B-00C04F79EFBC}") = "GimConvert", "GimConvert\GimConvert.csproj", "{DE406B4D-57CF-45EE-A646-15D72701564A}"
EndProject
Project("{FAE04EC0-301F-11D3-BF4B-00C04F79EFBC}") = "GimSharp", "..\..\Libraries\GimSharp\GimSharp.csproj", "{18707752-78B4-4735-AE5A-4261AD5C06EE}"
EndProject
Global
	GlobalSection(SolutionConfigurationPlatforms) = preSolution
		Debug|Any CPU = Debug|Any CPU
		Release|Any CPU = Release|Any CPU
	EndGlobalSection
	GlobalSection(ProjectConfigurationPlatforms) = postSolution
		{DE406B4D-57CF-45EE-A646-15D72701564A}.Debug|Any CPU.ActiveCfg = Debug|Any CPU
		{DE406B4D-57CF-45EE-A646-15D72701564A}.Debug|Any CPU.Build.0 = Debug|Any CPU
		{DE406B4D-57CF-45EE-A646-15D72701564A}.Release|Any CPU.ActiveCfg = Release|Any CPU
		{DE406B4D-57CF-45EE-A646-15D72701564A}.Release|Any CPU.Build.0 = Release|Any CPU
		{18707752-78B4-4735-AE5A-4261AD5C06EE}.Debug|Any CPU.ActiveCfg = Debug|Any CPU
		{18707752-78B4-4735-AE5A-4261AD5C06EE}.Debug|Any CPU.Build.0 = Debug|Any CPU
		{18707752-78B4-4735-AE5A-4261AD5C06EE}.Release|Any CPU.ActiveCfg = Release|Any CPU
		{18707752-78B4-4735-AE5A-4261AD5C06EE}.Release|Any CPU.Build.0 = Release|Any CPU
	EndGlobalSection
	GlobalSection(SolutionProperties) = preSolution
		HideSolutionNode = FALSE
	EndGlobalSection
EndGlobal
